
Microsoft Visual Studio Solution File, Format Version 12.00
# Visual Studio Version 16
VisualStudioVersion = 16.0.30011.22
MinimumVisualStudioVersion = 10.0.40219.1
Project("{9A19103F-16F7-4668-BE54-9A1E7A4F7556}") = "PocProtoTest", "src\PocProtoTest\PocProtoTest.csproj", "{92D15176-5872-4FF5-9A83-0B415489D024}"
EndProject
Project("{2150E333-8FDC-42A3-9474-1A3956D46DE8}") = "protos", "protos", "{C2021C66-6A4C-4105-9F31-0097AFDA6032}"
	ProjectSection(SolutionItems) = preProject
		src\protos\test.schema.proto = src\protos\test.schema.proto
	EndProjectSection
EndProject
Global
	GlobalSection(SolutionConfigurationPlatforms) = preSolution
		Debug|Any CPU = Debug|Any CPU
		Release|Any CPU = Release|Any CPU
	EndGlobalSection
	GlobalSection(ProjectConfigurationPlatforms) = postSolution
		{92D15176-5872-4FF5-9A83-0B415489D024}.Debug|Any CPU.ActiveCfg = Debug|Any CPU
		{92D15176-5872-4FF5-9A83-0B415489D024}.Debug|Any CPU.Build.0 = Debug|Any CPU
		{92D15176-5872-4FF5-9A83-0B415489D024}.Release|Any CPU.ActiveCfg = Release|Any CPU
		{92D15176-5872-4FF5-9A83-0B415489D024}.Release|Any CPU.Build.0 = Release|Any CPU
	EndGlobalSection
	GlobalSection(SolutionProperties) = preSolution
		HideSolutionNode = FALSE
	EndGlobalSection
	GlobalSection(ExtensibilityGlobals) = postSolution
		SolutionGuid = {652485DF-1B82-4D43-89EC-A9CB81D07408}
	EndGlobalSection
EndGlobal
